
Microsoft Visual Studio Solution File, Format Version 12.00
# Visual Studio Version 17
VisualStudioVersion = 17.4.33403.182
MinimumVisualStudioVersion = 10.0.40219.1
Project("{FAE04EC0-301F-11D3-BF4B-00C04F79EFBC}") = "TravelManagement", "TravelManagement\TravelManagement.csproj", "{162C9290-1DB7-47E8-8A17-8DE1E851F96A}"
EndProject
Global
	GlobalSection(SolutionConfigurationPlatforms) = preSolution
		Debug|Any CPU = Debug|Any CPU
		Release|Any CPU = Release|Any CPU
	EndGlobalSection
	GlobalSection(ProjectConfigurationPlatforms) = postSolution
		{162C9290-1DB7-47E8-8A17-8DE1E851F96A}.Debug|Any CPU.ActiveCfg = Debug|Any CPU
		{162C9290-1DB7-47E8-8A17-8DE1E851F96A}.Debug|Any CPU.Build.0 = Debug|Any CPU
		{162C9290-1DB7-47E8-8A17-8DE1E851F96A}.Release|Any CPU.ActiveCfg = Release|Any CPU
		{162C9290-1DB7-47E8-8A17-8DE1E851F96A}.Release|Any CPU.Build.0 = Release|Any CPU
	EndGlobalSection
	GlobalSection(SolutionProperties) = preSolution
		HideSolutionNode = FALSE
	EndGlobalSection
	GlobalSection(ExtensibilityGlobals) = postSolution
		SolutionGuid = {E5F6AB9A-8EA1-473D-B532-07A0B9A02A76}
	EndGlobalSection
EndGlobal
